
Microsoft Visual Studio Solution File, Format Version 12.00
# Visual Studio Version 17
VisualStudioVersion = 17.4.33122.133
MinimumVisualStudioVersion = 10.0.40219.1
Project("{8BC9CEB8-8B4A-11D0-8D11-00A0C91BC942}") = "djBase64++", "djBase64++\djBase64++.vcxproj", "{6CC55D4F-C0DB-4A47-9274-1EF22C534657}"
EndProject
Global
	GlobalSection(SolutionConfigurationPlatforms) = preSolution
		Debug|x64 = Debug|x64
		Debug|x86 = Debug|x86
		Release|x64 = Release|x64
		Release|x86 = Release|x86
	EndGlobalSection
	GlobalSection(ProjectConfigurationPlatforms) = postSolution
		{6CC55D4F-C0DB-4A47-9274-1EF22C534657}.Debug|x64.ActiveCfg = Debug|x64
		{6CC55D4F-C0DB-4A47-9274-1EF22C534657}.Debug|x64.Build.0 = Debug|x64
		{6CC55D4F-C0DB-4A47-9274-1EF22C534657}.Debug|x86.ActiveCfg = Debug|Win32
		{6CC55D4F-C0DB-4A47-9274-1EF22C534657}.Debug|x86.Build.0 = Debug|Win32
		{6CC55D4F-C0DB-4A47-9274-1EF22C534657}.Release|x64.ActiveCfg = Release|x64
		{6CC55D4F-C0DB-4A47-9274-1EF22C534657}.Release|x64.Build.0 = Release|x64
		{6CC55D4F-C0DB-4A47-9274-1EF22C534657}.Release|x86.ActiveCfg = Release|Win32
		{6CC55D4F-C0DB-4A47-9274-1EF22C534657}.Release|x86.Build.0 = Release|Win32
	EndGlobalSection
	GlobalSection(SolutionProperties) = preSolution
		HideSolutionNode = FALSE
	EndGlobalSection
	GlobalSection(ExtensibilityGlobals) = postSolution
		SolutionGuid = {369C8464-E535-4E59-86C8-C13A6B9A531C}
	EndGlobalSection
EndGlobal
